
Microsoft Visual Studio Solution File, Format Version 12.00
# Visual Studio 15
Project("{FAE04EC0-301F-11D3-BF4B-00C04F79EFBC}") = "Assembly-CSharp", "Assembly-CSharp.csproj", "{4CC907BB-9F15-29A0-7F84-2618D696A224}"
EndProject
Project("{FAE04EC0-301F-11D3-BF4B-00C04F79EFBC}") = "Assembly-CSharp-Editor", "Assembly-CSharp-Editor.csproj", "{50CD8BF9-54FF-668F-8483-3B32388BD80D}"
EndProject
Global
	GlobalSection(SolutionConfigurationPlatforms) = preSolution
		Debug|Any CPU = Debug|Any CPU
		Release|Any CPU = Release|Any CPU
	EndGlobalSection
	GlobalSection(ProjectConfigurationPlatforms) = postSolution
		{4CC907BB-9F15-29A0-7F84-2618D696A224}.Debug|Any CPU.ActiveCfg = Debug|Any CPU
		{4CC907BB-9F15-29A0-7F84-2618D696A224}.Debug|Any CPU.Build.0 = Debug|Any CPU
		{4CC907BB-9F15-29A0-7F84-2618D696A224}.Release|Any CPU.ActiveCfg = Release|Any CPU
		{4CC907BB-9F15-29A0-7F84-2618D696A224}.Release|Any CPU.Build.0 = Release|Any CPU
		{50CD8BF9-54FF-668F-8483-3B32388BD80D}.Debug|Any CPU.ActiveCfg = Debug|Any CPU
		{50CD8BF9-54FF-668F-8483-3B32388BD80D}.Debug|Any CPU.Build.0 = Debug|Any CPU
		{50CD8BF9-54FF-668F-8483-3B32388BD80D}.Release|Any CPU.ActiveCfg = Release|Any CPU
		{50CD8BF9-54FF-668F-8483-3B32388BD80D}.Release|Any CPU.Build.0 = Release|Any CPU
	EndGlobalSection
	GlobalSection(SolutionProperties) = preSolution
		HideSolutionNode = FALSE
	EndGlobalSection
EndGlobal
